
Microsoft Visual Studio Solution File, Format Version 12.00
# Visual Studio Version 16
VisualStudioVersion = 16.0.31605.320
MinimumVisualStudioVersion = 10.0.40219.1
Project("{FAE04EC0-301F-11D3-BF4B-00C04F79EFBC}") = "MongoDbGenericApi", "MongoDbGenericApi\MongoDbGenericApi.csproj", "{700261ED-0A29-46F0-B4F4-80EFF2459F20}"
EndProject
Project("{FAE04EC0-301F-11D3-BF4B-00C04F79EFBC}") = "DAL", "DAL\DAL.csproj", "{6A8BAD19-3604-4A7B-803E-2F50BF6C4BDF}"
EndProject
Project("{FAE04EC0-301F-11D3-BF4B-00C04F79EFBC}") = "Entity", "Entity\Entity.csproj", "{232CD0AE-3912-446C-AA71-8036099329DB}"
EndProject
Project("{FAE04EC0-301F-11D3-BF4B-00C04F79EFBC}") = "BLL", "BLL\BLL.csproj", "{5F21789A-7718-4B60-99A0-8B6E6BF48163}"
EndProject
Global
	GlobalSection(SolutionConfigurationPlatforms) = preSolution
		Debug|Any CPU = Debug|Any CPU
		Release|Any CPU = Release|Any CPU
	EndGlobalSection
	GlobalSection(ProjectConfigurationPlatforms) = postSolution
		{700261ED-0A29-46F0-B4F4-80EFF2459F20}.Debug|Any CPU.ActiveCfg = Debug|Any CPU
		{700261ED-0A29-46F0-B4F4-80EFF2459F20}.Debug|Any CPU.Build.0 = Debug|Any CPU
		{700261ED-0A29-46F0-B4F4-80EFF2459F20}.Release|Any CPU.ActiveCfg = Release|Any CPU
		{700261ED-0A29-46F0-B4F4-80EFF2459F20}.Release|Any CPU.Build.0 = Release|Any CPU
		{6A8BAD19-3604-4A7B-803E-2F50BF6C4BDF}.Debug|Any CPU.ActiveCfg = Debug|Any CPU
		{6A8BAD19-3604-4A7B-803E-2F50BF6C4BDF}.Debug|Any CPU.Build.0 = Debug|Any CPU
		{6A8BAD19-3604-4A7B-803E-2F50BF6C4BDF}.Release|Any CPU.ActiveCfg = Release|Any CPU
		{6A8BAD19-3604-4A7B-803E-2F50BF6C4BDF}.Release|Any CPU.Build.0 = Release|Any CPU
		{232CD0AE-3912-446C-AA71-8036099329DB}.Debug|Any CPU.ActiveCfg = Debug|Any CPU
		{232CD0AE-3912-446C-AA71-8036099329DB}.Debug|Any CPU.Build.0 = Debug|Any CPU
		{232CD0AE-3912-446C-AA71-8036099329DB}.Release|Any CPU.ActiveCfg = Release|Any CPU
		{232CD0AE-3912-446C-AA71-8036099329DB}.Release|Any CPU.Build.0 = Release|Any CPU
		{5F21789A-7718-4B60-99A0-8B6E6BF48163}.Debug|Any CPU.ActiveCfg = Debug|Any CPU
		{5F21789A-7718-4B60-99A0-8B6E6BF48163}.Debug|Any CPU.Build.0 = Debug|Any CPU
		{5F21789A-7718-4B60-99A0-8B6E6BF48163}.Release|Any CPU.ActiveCfg = Release|Any CPU
		{5F21789A-7718-4B60-99A0-8B6E6BF48163}.Release|Any CPU.Build.0 = Release|Any CPU
	EndGlobalSection
	GlobalSection(SolutionProperties) = preSolution
		HideSolutionNode = FALSE
	EndGlobalSection
	GlobalSection(ExtensibilityGlobals) = postSolution
		SolutionGuid = {510213FB-B9CA-4091-A618-EF70A8C5A768}
	EndGlobalSection
EndGlobal
